
Microsoft Visual Studio Solution File, Format Version 12.00
# Visual Studio Version 17
VisualStudioVersion = 17.9.34728.123
MinimumVisualStudioVersion = 10.0.40219.1
Project("{2150E333-8FDC-42A3-9474-1A3956D46DE8}") = "Solution Items", "Solution Items", "{C19196F9-41DB-43F3-861C-2093646DD9FA}"
	ProjectSection(SolutionItems) = preProject
		.gitignore = .gitignore
		README.md = README.md
		Todo.md = Todo.md
	EndProjectSection
EndProject
Project("{9A19103F-16F7-4668-BE54-9A1E7A4F7556}") = "Translation", "Translation\Translation.csproj", "{5051189B-71F7-4AD5-B742-CE0920CE2252}"
EndProject
Project("{9A19103F-16F7-4668-BE54-9A1E7A4F7556}") = "Reader", "Reader\Reader.csproj", "{0D3B9140-A6FD-46D2-86F1-EBD7076EF636}"
EndProject
Project("{9A19103F-16F7-4668-BE54-9A1E7A4F7556}") = "TranslationRunner", "TranslationRunner\TranslationRunner.csproj", "{D92F59D9-8CDC-4D83-BF8B-C6C63790D1EF}"
EndProject
Global
	GlobalSection(SolutionConfigurationPlatforms) = preSolution
		Debug|Any CPU = Debug|Any CPU
		Release|Any CPU = Release|Any CPU
	EndGlobalSection
	GlobalSection(ProjectConfigurationPlatforms) = postSolution
		{5051189B-71F7-4AD5-B742-CE0920CE2252}.Debug|Any CPU.ActiveCfg = Debug|Any CPU
		{5051189B-71F7-4AD5-B742-CE0920CE2252}.Debug|Any CPU.Build.0 = Debug|Any CPU
		{5051189B-71F7-4AD5-B742-CE0920CE2252}.Release|Any CPU.ActiveCfg = Release|Any CPU
		{5051189B-71F7-4AD5-B742-CE0920CE2252}.Release|Any CPU.Build.0 = Release|Any CPU
		{0D3B9140-A6FD-46D2-86F1-EBD7076EF636}.Debug|Any CPU.ActiveCfg = Debug|Any CPU
		{0D3B9140-A6FD-46D2-86F1-EBD7076EF636}.Debug|Any CPU.Build.0 = Debug|Any CPU
		{0D3B9140-A6FD-46D2-86F1-EBD7076EF636}.Debug|Any CPU.Deploy.0 = Debug|Any CPU
		{0D3B9140-A6FD-46D2-86F1-EBD7076EF636}.Release|Any CPU.ActiveCfg = Release|Any CPU
		{0D3B9140-A6FD-46D2-86F1-EBD7076EF636}.Release|Any CPU.Build.0 = Release|Any CPU
		{0D3B9140-A6FD-46D2-86F1-EBD7076EF636}.Release|Any CPU.Deploy.0 = Release|Any CPU
		{D92F59D9-8CDC-4D83-BF8B-C6C63790D1EF}.Debug|Any CPU.ActiveCfg = Debug|Any CPU
		{D92F59D9-8CDC-4D83-BF8B-C6C63790D1EF}.Debug|Any CPU.Build.0 = Debug|Any CPU
		{D92F59D9-8CDC-4D83-BF8B-C6C63790D1EF}.Release|Any CPU.ActiveCfg = Release|Any CPU
		{D92F59D9-8CDC-4D83-BF8B-C6C63790D1EF}.Release|Any CPU.Build.0 = Release|Any CPU
	EndGlobalSection
	GlobalSection(SolutionProperties) = preSolution
		HideSolutionNode = FALSE
	EndGlobalSection
	GlobalSection(ExtensibilityGlobals) = postSolution
		SolutionGuid = {DA918F9E-1619-4D7B-8186-979133C26ADB}
	EndGlobalSection
EndGlobal
